
Microsoft Visual Studio Solution File, Format Version 12.00
# Visual Studio 15
VisualStudioVersion = 15.0.27428.2015
MinimumVisualStudioVersion = 10.0.40219.1
Project("{FAE04EC0-301F-11D3-BF4B-00C04F79EFBC}") = "aspnet_core_test_demo", "aspnet_core_test_demo\aspnet_core_test_demo.csproj", "{8FF58A6E-E371-4510-9A98-DFFDE0BF4F43}"
EndProject
Project("{FAE04EC0-301F-11D3-BF4B-00C04F79EFBC}") = "WebApiTest", "WebApiTest\WebApiTest.csproj", "{0D18B0FB-1CA2-4DAE-BBBA-17AEC715248A}"
EndProject
Global
	GlobalSection(SolutionConfigurationPlatforms) = preSolution
		Debug|Any CPU = Debug|Any CPU
		Release|Any CPU = Release|Any CPU
	EndGlobalSection
	GlobalSection(ProjectConfigurationPlatforms) = postSolution
		{8FF58A6E-E371-4510-9A98-DFFDE0BF4F43}.Debug|Any CPU.ActiveCfg = Debug|Any CPU
		{8FF58A6E-E371-4510-9A98-DFFDE0BF4F43}.Debug|Any CPU.Build.0 = Debug|Any CPU
		{8FF58A6E-E371-4510-9A98-DFFDE0BF4F43}.Release|Any CPU.ActiveCfg = Release|Any CPU
		{8FF58A6E-E371-4510-9A98-DFFDE0BF4F43}.Release|Any CPU.Build.0 = Release|Any CPU
		{0D18B0FB-1CA2-4DAE-BBBA-17AEC715248A}.Debug|Any CPU.ActiveCfg = Debug|Any CPU
		{0D18B0FB-1CA2-4DAE-BBBA-17AEC715248A}.Debug|Any CPU.Build.0 = Debug|Any CPU
		{0D18B0FB-1CA2-4DAE-BBBA-17AEC715248A}.Release|Any CPU.ActiveCfg = Release|Any CPU
		{0D18B0FB-1CA2-4DAE-BBBA-17AEC715248A}.Release|Any CPU.Build.0 = Release|Any CPU
	EndGlobalSection
	GlobalSection(SolutionProperties) = preSolution
		HideSolutionNode = FALSE
	EndGlobalSection
	GlobalSection(ExtensibilityGlobals) = postSolution
		SolutionGuid = {D4C6831B-8669-4141-BB9A-33C8A31D0201}
	EndGlobalSection
EndGlobal
